
Microsoft Visual Studio Solution File, Format Version 12.00
# Visual Studio Version 17
VisualStudioVersion = 17.5.33627.172
MinimumVisualStudioVersion = 10.0.40219.1
Project("{FAE04EC0-301F-11D3-BF4B-00C04F79EFBC}") = "Railway_project", "Railway_project\Railway_project.csproj", "{40449EF4-F4C2-47F1-8DFD-535DD9453944}"
EndProject
Global
	GlobalSection(SolutionConfigurationPlatforms) = preSolution
		Debug|Any CPU = Debug|Any CPU
		Release|Any CPU = Release|Any CPU
	EndGlobalSection
	GlobalSection(ProjectConfigurationPlatforms) = postSolution
		{40449EF4-F4C2-47F1-8DFD-535DD9453944}.Debug|Any CPU.ActiveCfg = Debug|Any CPU
		{40449EF4-F4C2-47F1-8DFD-535DD9453944}.Debug|Any CPU.Build.0 = Debug|Any CPU
		{40449EF4-F4C2-47F1-8DFD-535DD9453944}.Release|Any CPU.ActiveCfg = Release|Any CPU
		{40449EF4-F4C2-47F1-8DFD-535DD9453944}.Release|Any CPU.Build.0 = Release|Any CPU
	EndGlobalSection
	GlobalSection(SolutionProperties) = preSolution
		HideSolutionNode = FALSE
	EndGlobalSection
	GlobalSection(ExtensibilityGlobals) = postSolution
		SolutionGuid = {AFFB9A0C-6436-4A80-A2A4-D5A2F4EF3F9D}
	EndGlobalSection
EndGlobal
